
Microsoft Visual Studio Solution File, Format Version 12.00
# Visual Studio Version 17
VisualStudioVersion = 17.5.002.0
MinimumVisualStudioVersion = 10.0.40219.1
Project("{9A19103F-16F7-4668-BE54-9A1E7A4F7556}") = "WmsCommon", "WmsCommon.csproj", "{EC37E736-F555-4F95-A9B2-C976BC0B3370}"
EndProject
Global
	GlobalSection(SolutionConfigurationPlatforms) = preSolution
		Debug|Any CPU = Debug|Any CPU
		Release|Any CPU = Release|Any CPU
	EndGlobalSection
	GlobalSection(ProjectConfigurationPlatforms) = postSolution
		{EC37E736-F555-4F95-A9B2-C976BC0B3370}.Debug|Any CPU.ActiveCfg = Debug|Any CPU
		{EC37E736-F555-4F95-A9B2-C976BC0B3370}.Debug|Any CPU.Build.0 = Debug|Any CPU
		{EC37E736-F555-4F95-A9B2-C976BC0B3370}.Release|Any CPU.ActiveCfg = Release|Any CPU
		{EC37E736-F555-4F95-A9B2-C976BC0B3370}.Release|Any CPU.Build.0 = Release|Any CPU
	EndGlobalSection
	GlobalSection(SolutionProperties) = preSolution
		HideSolutionNode = FALSE
	EndGlobalSection
	GlobalSection(ExtensibilityGlobals) = postSolution
		SolutionGuid = {A0A10C7E-60A6-4581-A36D-BF94392E3AA2}
	EndGlobalSection
EndGlobal
